// !$*UTF8*$!
{
	archiveVersion = 1;
	classes = {
	};
	objectVersion = 46;
	objects = {

/* Begin PBXBuildFile section */
		2F5B50EB1EB0B29000C79DEE /* GCDAsyncSocket+category.m in Sources */ = {isa = PBXBuildFile; fileRef = 2F5B50EA1EB0B29000C79DEE /* GCDAsyncSocket+category.m */; };
		2F88073D1E56A0E20029FB4B /* AppDelegate.m in Sources */ = {isa = PBXBuildFile; fileRef = 2F88073C1E56A0E20029FB4B /* AppDelegate.m */; };
		2F8807401E56A0E20029FB4B /* main.m in Sources */ = {isa = PBXBuildFile; fileRef = 2F88073F1E56A0E20029FB4B /* main.m */; };
		2F8807421E56A0E20029FB4B /* Assets.xcassets in Resources */ = {isa = PBXBuildFile; fileRef = 2F8807411E56A0E20029FB4B /* Assets.xcassets */; };
		2F8807451E56A0E20029FB4B /* MainMenu.xib in Resources */ = {isa = PBXBuildFile; fileRef = 2F8807431E56A0E20029FB4B /* MainMenu.xib */; };
		2F8807501E56A0E30029FB4B /* ServiceAppTests.m in Sources */ = {isa = PBXBuildFile; fileRef = 2F88074F1E56A0E30029FB4B /* ServiceAppTests.m */; };
		2F88075B1E56A0E30029FB4B /* ServiceAppUITests.m in Sources */ = {isa = PBXBuildFile; fileRef = 2F88075A1E56A0E30029FB4B /* ServiceAppUITests.m */; };
		2F88076A1E56A2C60029FB4B /* MainWindow.m in Sources */ = {isa = PBXBuildFile; fileRef = 2F8807691E56A2C60029FB4B /* MainWindow.m */; };
		2F88076F1E56A9F20029FB4B /* GCDAsyncSocket.m in Sources */ = {isa = PBXBuildFile; fileRef = 2F88076C1E56A9F20029FB4B /* GCDAsyncSocket.m */; };
		2F8807701E56A9F20029FB4B /* GCDAsyncUdpSocket.m in Sources */ = {isa = PBXBuildFile; fileRef = 2F88076E1E56A9F20029FB4B /* GCDAsyncUdpSocket.m */; };
		2F8807751E56AB8F0029FB4B /* SerViceAPP.m in Sources */ = {isa = PBXBuildFile; fileRef = 2F8807741E56AB8F0029FB4B /* SerViceAPP.m */; };
/* End PBXBuildFile section */

/* Begin PBXContainerItemProxy section */
		2F88074C1E56A0E20029FB4B /* PBXContainerItemProxy */ = {
			isa = PBXContainerItemProxy;
			containerPortal = 2F8807301E56A0E20029FB4B /* Project object */;
			proxyType = 1;
			remoteGlobalIDString = 2F8807371E56A0E20029FB4B;
			remoteInfo = ServiceApp;
		};
		2F8807571E56A0E30029FB4B /* PBXContainerItemProxy */ = {
			isa = PBXContainerItemProxy;
			containerPortal = 2F8807301E56A0E20029FB4B /* Project object */;
			proxyType = 1;
			remoteGlobalIDString = 2F8807371E56A0E20029FB4B;
			remoteInfo = ServiceApp;
		};
/* End PBXContainerItemProxy section */

/* Begin PBXFileReference section */
		2F5B50E91EB0B29000C79DEE /* GCDAsyncSocket+category.h */ = {isa = PBXFileReference; fileEncoding = 4; lastKnownFileType = sourcecode.c.h; path = "GCDAsyncSocket+category.h"; sourceTree = "<group>"; };
		2F5B50EA1EB0B29000C79DEE /* GCDAsyncSocket+category.m */ = {isa = PBXFileReference; fileEncoding = 4; lastKnownFileType = sourcecode.c.objc; path = "GCDAsyncSocket+category.m"; sourceTree = "<group>"; };
		2F8807381E56A0E20029FB4B /* ServiceApp.app */ = {isa = PBXFileReference; explicitFileType = wrapper.application; includeInIndex = 0; path = ServiceApp.app; sourceTree = BUILT_PRODUCTS_DIR; };
		2F88073B1E56A0E20029FB4B /* AppDelegate.h */ = {isa = PBXFileReference; lastKnownFileType = sourcecode.c.h; path = AppDelegate.h; sourceTree = "<group>"; };
		2F88073C1E56A0E20029FB4B /* AppDelegate.m */ = {isa = PBXFileReference; lastKnownFileType = sourcecode.c.objc; path = AppDelegate.m; sourceTree = "<group>"; };
		2F88073F1E56A0E20029FB4B /* main.m */ = {isa = PBXFileReference; lastKnownFileType = sourcecode.c.objc; path = main.m; sourceTree = "<group>"; };
		2F8807411E56A0E20029FB4B /* Assets.xcassets */ = {isa = PBXFileReference; lastKnownFileType = folder.assetcatalog; path = Assets.xcassets; sourceTree = "<group>"; };
		2F8807441E56A0E20029FB4B /* Base */ = {isa = PBXFileReference; lastKnownFileType = file.xib; name = Base; path = Base.lproj/MainMenu.xib; sourceTree = "<group>"; };
		2F8807461E56A0E20029FB4B /* Info.plist */ = {isa = PBXFileReference; lastKnownFileType = text.plist.xml; path = Info.plist; sourceTree = "<group>"; };
		2F88074B1E56A0E20029FB4B /* ServiceAppTests.xctest */ = {isa = PBXFileReference; explicitFileType = wrapper.cfbundle; includeInIndex = 0; path = ServiceAppTests.xctest; sourceTree = BUILT_PRODUCTS_DIR; };
		2F88074F1E56A0E30029FB4B /* ServiceAppTests.m */ = {isa = PBXFileReference; lastKnownFileType = sourcecode.c.objc; path = ServiceAppTests.m; sourceTree = "<group>"; };
		2F8807511E56A0E30029FB4B /* Info.plist */ = {isa = PBXFileReference; lastKnownFileType = text.plist.xml; path = Info.plist; sourceTree = "<group>"; };
		2F8807561E56A0E30029FB4B /* ServiceAppUITests.xctest */ = {isa = PBXFileReference; explicitFileType = wrapper.cfbundle; includeInIndex = 0; path = ServiceAppUITests.xctest; sourceTree = BUILT_PRODUCTS_DIR; };
		2F88075A1E56A0E30029FB4B /* ServiceAppUITests.m */ = {isa = PBXFileReference; lastKnownFileType = sourcecode.c.objc; path = ServiceAppUITests.m; sourceTree = "<group>"; };
		2F88075C1E56A0E30029FB4B /* Info.plist */ = {isa = PBXFileReference; lastKnownFileType = text.plist.xml; path = Info.plist; sourceTree = "<group>"; };
		2F8807681E56A2C60029FB4B /* MainWindow.h */ = {isa = PBXFileReference; fileEncoding = 4; lastKnownFileType = sourcecode.c.h; path = MainWindow.h; sourceTree = "<group>"; };
		2F8807691E56A2C60029FB4B /* MainWindow.m */ = {isa = PBXFileReference; fileEncoding = 4; lastKnownFileType = sourcecode.c.objc; path = MainWindow.m; sourceTree = "<group>"; };
		2F88076B1E56A9F20029FB4B /* GCDAsyncSocket.h */ = {isa = PBXFileReference; fileEncoding = 4; lastKnownFileType = sourcecode.c.h; path = GCDAsyncSocket.h; sourceTree = "<group>"; };
		2F88076C1E56A9F20029FB4B /* GCDAsyncSocket.m */ = {isa = PBXFileReference; fileEncoding = 4; lastKnownFileType = sourcecode.c.objc; path = GCDAsyncSocket.m; sourceTree = "<group>"; };
		2F88076D1E56A9F20029FB4B /* GCDAsyncUdpSocket.h */ = {isa = PBXFileReference; fileEncoding = 4; lastKnownFileType = sourcecode.c.h; path = GCDAsyncUdpSocket.h; sourceTree = "<group>"; };
		2F88076E1E56A9F20029FB4B /* GCDAsyncUdpSocket.m */ = {isa = PBXFileReference; fileEncoding = 4; lastKnownFileType = sourcecode.c.objc; path = GCDAsyncUdpSocket.m; sourceTree = "<group>"; };
		2F8807731E56AB8F0029FB4B /* SerViceAPP.h */ = {isa = PBXFileReference; fileEncoding = 4; lastKnownFileType = sourcecode.c.h; path = SerViceAPP.h; sourceTree = "<group>"; };
		2F8807741E56AB8F0029FB4B /* SerViceAPP.m */ = {isa = PBXFileReference; fileEncoding = 4; lastKnownFileType = sourcecode.c.objc; path = SerViceAPP.m; sourceTree = "<group>"; };
/* End PBXFileReference section */

/* Begin PBXFrameworksBuildPhase section */
		2F8807351E56A0E20029FB4B /* Frameworks */ = {
			isa = PBXFrameworksBuildPhase;
			buildActionMask = 2147483647;
			files = (
			);
			runOnlyForDeploymentPostprocessing = 0;
		};
		2F8807481E56A0E20029FB4B /* Frameworks */ = {
			isa = PBXFrameworksBuildPhase;
			buildActionMask = 2147483647;
			files = (
			);
			runOnlyForDeploymentPostprocessing = 0;
		};
		2F8807531E56A0E30029FB4B /* Frameworks */ = {
			isa = PBXFrameworksBuildPhase;
			buildActionMask = 2147483647;
			files = (
			);
			runOnlyForDeploymentPostprocessing = 0;
		};
/* End PBXFrameworksBuildPhase section */

/* Begin PBXGroup section */
		2F88072F1E56A0E20029FB4B = {
			isa = PBXGroup;
			children = (
				2F88073A1E56A0E20029FB4B /* ServiceApp */,
				2F88074E1E56A0E20029FB4B /* ServiceAppTests */,
				2F8807591E56A0E30029FB4B /* ServiceAppUITests */,
				2F8807391E56A0E20029FB4B /* Products */,
			);
			sourceTree = "<group>";
		};
		2F8807391E56A0E20029FB4B /* Products */ = {
			isa = PBXGroup;
			children = (
				2F8807381E56A0E20029FB4B /* ServiceApp.app */,
				2F88074B1E56A0E20029FB4B /* ServiceAppTests.xctest */,
				2F8807561E56A0E30029FB4B /* ServiceAppUITests.xctest */,
			);
			name = Products;
			sourceTree = "<group>";
		};
		2F88073A1E56A0E20029FB4B /* ServiceApp */ = {
			isa = PBXGroup;
			children = (
				2F88073B1E56A0E20029FB4B /* AppDelegate.h */,
				2F88073C1E56A0E20029FB4B /* AppDelegate.m */,
				2F88076B1E56A9F20029FB4B /* GCDAsyncSocket.h */,
				2F88076C1E56A9F20029FB4B /* GCDAsyncSocket.m */,
				2F88076D1E56A9F20029FB4B /* GCDAsyncUdpSocket.h */,
				2F88076E1E56A9F20029FB4B /* GCDAsyncUdpSocket.m */,
				2F8807731E56AB8F0029FB4B /* SerViceAPP.h */,
				2F8807741E56AB8F0029FB4B /* SerViceAPP.m */,
				2F5B50E91EB0B29000C79DEE /* GCDAsyncSocket+category.h */,
				2F5B50EA1EB0B29000C79DEE /* GCDAsyncSocket+category.m */,
				2F8807681E56A2C60029FB4B /* MainWindow.h */,
				2F8807691E56A2C60029FB4B /* MainWindow.m */,
				2F8807411E56A0E20029FB4B /* Assets.xcassets */,
				2F8807431E56A0E20029FB4B /* MainMenu.xib */,
				2F8807461E56A0E20029FB4B /* Info.plist */,
				2F88073E1E56A0E20029FB4B /* Supporting Files */,
			);
			path = ServiceApp;
			sourceTree = "<group>";
		};
		2F88073E1E56A0E20029FB4B /* Supporting Files */ = {
			isa = PBXGroup;
			children = (
				2F88073F1E56A0E20029FB4B /* main.m */,
			);
			name = "Supporting Files";
			sourceTree = "<group>";
		};
		2F88074E1E56A0E20029FB4B /* ServiceAppTests */ = {
			isa = PBXGroup;
			children = (
				2F88074F1E56A0E30029FB4B /* ServiceAppTests.m */,
				2F8807511E56A0E30029FB4B /* Info.plist */,
			);
			path = ServiceAppTests;
			sourceTree = "<group>";
		};
		2F8807591E56A0E30029FB4B /* ServiceAppUITests */ = {
			isa = PBXGroup;
			children = (
				2F88075A1E56A0E30029FB4B /* ServiceAppUITests.m */,
				2F88075C1E56A0E30029FB4B /* Info.plist */,
			);
			path = ServiceAppUITests;
			sourceTree = "<group>";
		};
/* End PBXGroup section */

/* Begin PBXNativeTarget section */
		2F8807371E56A0E20029FB4B /* ServiceApp */ = {
			isa = PBXNativeTarget;
			buildConfigurationList = 2F88075F1E56A0E30029FB4B /* Build configuration list for PBXNativeTarget "ServiceApp" */;
			buildPhases = (
				2F8807341E56A0E20029FB4B /* Sources */,
				2F8807351E56A0E20029FB4B /* Frameworks */,
				2F8807361E56A0E20029FB4B /* Resources */,
			);
			buildRules = (
			);
			dependencies = (
			);
			name = ServiceApp;
			productName = ServiceApp;
			productReference = 2F8807381E56A0E20029FB4B /* ServiceApp.app */;
			productType = "com.apple.product-type.application";
		};
		2F88074A1E56A0E20029FB4B /* ServiceAppTests */ = {
			isa = PBXNativeTarget;
			buildConfigurationList = 2F8807621E56A0E30029FB4B /* Build configuration list for PBXNativeTarget "ServiceAppTests" */;
			buildPhases = (
				2F8807471E56A0E20029FB4B /* Sources */,
				2F8807481E56A0E20029FB4B /* Frameworks */,
				2F8807491E56A0E20029FB4B /* Resources */,
			);
			buildRules = (
			);
			dependencies = (
				2F88074D1E56A0E20029FB4B /* PBXTargetDependency */,
			);
			name = ServiceAppTests;
			productName = ServiceAppTests;
			productReference = 2F88074B1E56A0E20029FB4B /* ServiceAppTests.xctest */;
			productType = "com.apple.product-type.bundle.unit-test";
		};
		2F8807551E56A0E30029FB4B /* ServiceAppUITests */ = {
			isa = PBXNativeTarget;
			buildConfigurationList = 2F8807651E56A0E30029FB4B /* Build configuration list for PBXNativeTarget "ServiceAppUITests" */;
			buildPhases = (
				2F8807521E56A0E30029FB4B /* Sources */,
				2F8807531E56A0E30029FB4B /* Frameworks */,
				2F8807541E56A0E30029FB4B /* Resources */,
			);
			buildRules = (
			);
			dependencies = (
				2F8807581E56A0E30029FB4B /* PBXTargetDependency */,
			);
			name = ServiceAppUITests;
			productName = ServiceAppUITests;
			productReference = 2F8807561E56A0E30029FB4B /* ServiceAppUITests.xctest */;
			productType = "com.apple.product-type.bundle.ui-testing";
		};
/* End PBXNativeTarget section */

/* Begin PBXProject section */
		2F8807301E56A0E20029FB4B /* Project object */ = {
			isa = PBXProject;
			attributes = {
				LastUpgradeCheck = 0820;
				ORGANIZATIONNAME = joymake;
				TargetAttributes = {
					2F8807371E56A0E20029FB4B = {
						CreatedOnToolsVersion = 8.2.1;
						DevelopmentTeam = 4SR64HN66V;
						ProvisioningStyle = Automatic;
					};
					2F88074A1E56A0E20029FB4B = {
						CreatedOnToolsVersion = 8.2.1;
						DevelopmentTeam = 4SR64HN66V;
						ProvisioningStyle = Automatic;
						TestTargetID = 2F8807371E56A0E20029FB4B;
					};
					2F8807551E56A0E30029FB4B = {
						CreatedOnToolsVersion = 8.2.1;
						DevelopmentTeam = 4SR64HN66V;
						ProvisioningStyle = Automatic;
						TestTargetID = 2F8807371E56A0E20029FB4B;
					};
				};
			};
			buildConfigurationList = 2F8807331E56A0E20029FB4B /* Build configuration list for PBXProject "ServiceApp" */;
			compatibilityVersion = "Xcode 3.2";
			developmentRegion = English;
			hasScannedForEncodings = 0;
			knownRegions = (
				en,
				Base,
			);
			mainGroup = 2F88072F1E56A0E20029FB4B;
			productRefGroup = 2F8807391E56A0E20029FB4B /* Products */;
			projectDirPath = "";
			projectRoot = "";
			targets = (
				2F8807371E56A0E20029FB4B /* ServiceApp */,
				2F88074A1E56A0E20029FB4B /* ServiceAppTests */,
				2F8807551E56A0E30029FB4B /* ServiceAppUITests */,
			);
		};
/* End PBXProject section */

/* Begin PBXResourcesBuildPhase section */
		2F8807361E56A0E20029FB4B /* Resources */ = {
			isa = PBXResourcesBuildPhase;
			buildActionMask = 2147483647;
			files = (
				2F8807421E56A0E20029FB4B /* Assets.xcassets in Resources */,
				2F8807451E56A0E20029FB4B /* MainMenu.xib in Resources */,
			);
			runOnlyForDeploymentPostprocessing = 0;
		};
		2F8807491E56A0E20029FB4B /* Resources */ = {
			isa = PBXResourcesBuildPhase;
			buildActionMask = 2147483647;
			files = (
			);
			runOnlyForDeploymentPostprocessing = 0;
		};
		2F8807541E56A0E30029FB4B /* Resources */ = {
			isa = PBXResourcesBuildPhase;
			buildActionMask = 2147483647;
			files = (
			);
			runOnlyForDeploymentPostprocessing = 0;
		};
/* End PBXResourcesBuildPhase section */

/* Begin PBXSourcesBuildPhase section */
		2F8807341E56A0E20029FB4B /* Sources */ = {
			isa = PBXSourcesBuildPhase;
			buildActionMask = 2147483647;
			files = (
				2F88076F1E56A9F20029FB4B /* GCDAsyncSocket.m in Sources */,
				2F8807701E56A9F20029FB4B /* GCDAsyncUdpSocket.m in Sources */,
				2F5B50EB1EB0B29000C79DEE /* GCDAsyncSocket+category.m in Sources */,
				2F8807401E56A0E20029FB4B /* main.m in Sources */,
				2F8807751E56AB8F0029FB4B /* SerViceAPP.m in Sources */,
				2F88073D1E56A0E20029FB4B /* AppDelegate.m in Sources */,
				2F88076A1E56A2C60029FB4B /* MainWindow.m in Sources */,
			);
			runOnlyForDeploymentPostprocessing = 0;
		};
		2F8807471E56A0E20029FB4B /* Sources */ = {
			isa = PBXSourcesBuildPhase;
			buildActionMask = 2147483647;
			files = (
				2F8807501E56A0E30029FB4B /* ServiceAppTests.m in Sources */,
			);
			runOnlyForDeploymentPostprocessing = 0;
		};
		2F8807521E56A0E30029FB4B /* Sources */ = {
			isa = PBXSourcesBuildPhase;
			buildActionMask = 2147483647;
			files = (
				2F88075B1E56A0E30029FB4B /* ServiceAppUITests.m in Sources */,
			);
			runOnlyForDeploymentPostprocessing = 0;
		};
/* End PBXSourcesBuildPhase section */

/* Begin PBXTargetDependency section */
		2F88074D1E56A0E20029FB4B /* PBXTargetDependency */ = {
			isa = PBXTargetDependency;
			target = 2F8807371E56A0E20029FB4B /* ServiceApp */;
			targetProxy = 2F88074C1E56A0E20029FB4B /* PBXContainerItemProxy */;
		};
		2F8807581E56A0E30029FB4B /* PBXTargetDependency */ = {
			isa = PBXTargetDependency;
			target = 2F8807371E56A0E20029FB4B /* ServiceApp */;
			targetProxy = 2F8807571E56A0E30029FB4B /* PBXContainerItemProxy */;
		};
/* End PBXTargetDependency section */

/* Begin PBXVariantGroup section */
		2F8807431E56A0E20029FB4B /* MainMenu.xib */ = {
			isa = PBXVariantGroup;
			children = (
				2F8807441E56A0E20029FB4B /* Base */,
			);
			name = MainMenu.xib;
			sourceTree = "<group>";
		};
/* End PBXVariantGroup section */

/* Begin XCBuildConfiguration section */
		2F88075D1E56A0E30029FB4B /* Debug */ = {
			isa = XCBuildConfiguration;
			buildSettings = {
				ALWAYS_SEARCH_USER_PATHS = NO;
				CLANG_ANALYZER_NONNULL = YES;
				CLANG_CXX_LANGUAGE_STANDARD = "gnu++0x";
				CLANG_CXX_LIBRARY = "libc++";
				CLANG_ENABLE_MODULES = YES;
				CLANG_ENABLE_OBJC_ARC = YES;
				CLANG_WARN_BOOL_CONVERSION = YES;
				CLANG_WARN_CONSTANT_CONVERSION = YES;
				CLANG_WARN_DIRECT_OBJC_ISA_USAGE = YES_ERROR;
				CLANG_WARN_DOCUMENTATION_COMMENTS = YES;
				CLANG_WARN_EMPTY_BODY = YES;
				CLANG_WARN_ENUM_CONVERSION = YES;
				CLANG_WARN_INFINITE_RECURSION = YES;
				CLANG_WARN_INT_CONVERSION = YES;
				CLANG_WARN_OBJC_ROOT_CLASS = YES_ERROR;
				CLANG_WARN_SUSPICIOUS_MOVE = YES;
				CLANG_WARN_UNREACHABLE_CODE = YES;
				CLANG_WARN__DUPLICATE_METHOD_MATCH = YES;
				CODE_SIGN_IDENTITY = "-";
				COPY_PHASE_STRIP = NO;
				DEBUG_INFORMATION_FORMAT = dwarf;
				ENABLE_STRICT_OBJC_MSGSEND = YES;
				ENABLE_TESTABILITY = YES;
				GCC_C_LANGUAGE_STANDARD = gnu99;
				GCC_DYNAMIC_NO_PIC = NO;
				GCC_NO_COMMON_BLOCKS = YES;
				GCC_OPTIMIZATION_LEVEL = 0;
				GCC_PREPROCESSOR_DEFINITIONS = (
					"DEBUG=1",
					"$(inherited)",
				);
				GCC_WARN_64_TO_32_BIT_CONVERSION = YES;
				GCC_WARN_ABOUT_RETURN_TYPE = YES_ERROR;
				GCC_WARN_UNDECLARED_SELECTOR = YES;
				GCC_WARN_UNINITIALIZED_AUTOS = YES_AGGRESSIVE;
				GCC_WARN_UNUSED_FUNCTION = YES;
				GCC_WARN_UNUSED_VARIABLE = YES;
				MACOSX_DEPLOYMENT_TARGET = 10.12;
				MTL_ENABLE_DEBUG_INFO = YES;
				ONLY_ACTIVE_ARCH = YES;
				SDKROOT = macosx;
			};
			name = Debug;
		};
		2F88075E1E56A0E30029FB4B /* Release */ = {
			isa = XCBuildConfiguration;
			buildSettings = {
				ALWAYS_SEARCH_USER_PATHS = NO;
				CLANG_ANALYZER_NONNULL = YES;
				CLANG_CXX_LANGUAGE_STANDARD = "gnu++0x";
				CLANG_CXX_LIBRARY = "libc++";
				CLANG_ENABLE_MODULES = YES;
				CLANG_ENABLE_OBJC_ARC = YES;
				CLANG_WARN_BOOL_CONVERSION = YES;
				CLANG_WARN_CONSTANT_CONVERSION = YES;
				CLANG_WARN_DIRECT_OBJC_ISA_USAGE = YES_ERROR;
				CLANG_WARN_DOCUMENTATION_COMMENTS = YES;
				CLANG_WARN_EMPTY_BODY = YES;
				CLANG_WARN_ENUM_CONVERSION = YES;
				CLANG_WARN_INFINITE_RECURSION = YES;
				CLANG_WARN_INT_CONVERSION = YES;
				CLANG_WARN_OBJC_ROOT_CLASS = YES_ERROR;
				CLANG_WARN_SUSPICIOUS_MOVE = YES;
				CLANG_WARN_UNREACHABLE_CODE = YES;
				CLANG_WARN__DUPLICATE_METHOD_MATCH = YES;
				CODE_SIGN_IDENTITY = "-";
				COPY_PHASE_STRIP = NO;
				DEBUG_INFORMATION_FORMAT = "dwarf-with-dsym";
				ENABLE_NS_ASSERTIONS = NO;
				ENABLE_STRICT_OBJC_MSGSEND = YES;
				GCC_C_LANGUAGE_STANDARD = gnu99;
				GCC_NO_COMMON_BLOCKS = YES;
				GCC_WARN_64_TO_32_BIT_CONVERSION = YES;
				GCC_WARN_ABOUT_RETURN_TYPE = YES_ERROR;
				GCC_WARN_UNDECLARED_SELECTOR = YES;
				GCC_WARN_UNINITIALIZED_AUTOS = YES_AGGRESSIVE;
				GCC_WARN_UNUSED_FUNCTION = YES;
				GCC_WARN_UNUSED_VARIABLE = YES;
				MACOSX_DEPLOYMENT_TARGET = 10.12;
				MTL_ENABLE_DEBUG_INFO = NO;
				SDKROOT = macosx;
			};
			name = Release;
		};
		2F8807601E56A0E30029FB4B /* Debug */ = {
			isa = XCBuildConfiguration;
			buildSettings = {
				ASSETCATALOG_COMPILER_APPICON_NAME = AppIcon;
				COMBINE_HIDPI_IMAGES = YES;
				DEVELOPMENT_TEAM = 4SR64HN66V;
				INFOPLIST_FILE = ServiceApp/Info.plist;
				LD_RUNPATH_SEARCH_PATHS = "$(inherited) @executable_path/../Frameworks";
				PRODUCT_BUNDLE_IDENTIFIER = com.syswinPush.TOON.enterprise.ServiceApp;
				PRODUCT_NAME = "$(TARGET_NAME)";
			};
			name = Debug;
		};
		2F8807611E56A0E30029FB4B /* Release */ = {
			isa = XCBuildConfiguration;
			buildSettings = {
				ASSETCATALOG_COMPILER_APPICON_NAME = AppIcon;
				COMBINE_HIDPI_IMAGES = YES;
				DEVELOPMENT_TEAM = 4SR64HN66V;
				INFOPLIST_FILE = ServiceApp/Info.plist;
				LD_RUNPATH_SEARCH_PATHS = "$(inherited) @executable_path/../Frameworks";
				PRODUCT_BUNDLE_IDENTIFIER = com.syswinPush.TOON.enterprise.ServiceApp;
				PRODUCT_NAME = "$(TARGET_NAME)";
			};
			name = Release;
		};
		2F8807631E56A0E30029FB4B /* Debug */ = {
			isa = XCBuildConfiguration;
			buildSettings = {
				BUNDLE_LOADER = "$(TEST_HOST)";
				COMBINE_HIDPI_IMAGES = YES;
				DEVELOPMENT_TEAM = 4SR64HN66V;
				INFOPLIST_FILE = ServiceAppTests/Info.plist;
				LD_RUNPATH_SEARCH_PATHS = "$(inherited) @executable_path/../Frameworks @loader_path/../Frameworks";
				PRODUCT_BUNDLE_IDENTIFIER = com.syswinPush.TOON.enterprise.ServiceAppTests;
				PRODUCT_NAME = "$(TARGET_NAME)";
				TEST_HOST = "$(BUILT_PRODUCTS_DIR)/ServiceApp.app/Contents/MacOS/ServiceApp";
			};
			name = Debug;
		};
		2F8807641E56A0E30029FB4B /* Release */ = {
			isa = XCBuildConfiguration;
			buildSettings = {
				BUNDLE_LOADER = "$(TEST_HOST)";
				COMBINE_HIDPI_IMAGES = YES;
				DEVELOPMENT_TEAM = 4SR64HN66V;
				INFOPLIST_FILE = ServiceAppTests/Info.plist;
				LD_RUNPATH_SEARCH_PATHS = "$(inherited) @executable_path/../Frameworks @loader_path/../Frameworks";
				PRODUCT_BUNDLE_IDENTIFIER = com.syswinPush.TOON.enterprise.ServiceAppTests;
				PRODUCT_NAME = "$(TARGET_NAME)";
				TEST_HOST = "$(BUILT_PRODUCTS_DIR)/ServiceApp.app/Contents/MacOS/ServiceApp";
			};
			name = Release;
		};
		2F8807661E56A0E30029FB4B /* Debug */ = {
			isa = XCBuildConfiguration;
			buildSettings = {
				COMBINE_HIDPI_IMAGES = YES;
				DEVELOPMENT_TEAM = 4SR64HN66V;
				INFOPLIST_FILE = ServiceAppUITests/Info.plist;
				LD_RUNPATH_SEARCH_PATHS = "$(inherited) @executable_path/../Frameworks @loader_path/../Frameworks";
				PRODUCT_BUNDLE_IDENTIFIER = com.syswinPush.TOON.enterprise.ServiceAppUITests;
				PRODUCT_NAME = "$(TARGET_NAME)";
				TEST_TARGET_NAME = ServiceApp;
			};
			name = Debug;
		};
		2F8807671E56A0E30029FB4B /* Release */ = {
			isa = XCBuildConfiguration;
			buildSettings = {
				COMBINE_HIDPI_IMAGES = YES;
				DEVELOPMENT_TEAM = 4SR64HN66V;
				INFOPLIST_FILE = ServiceAppUITests/Info.plist;
				LD_RUNPATH_SEARCH_PATHS = "$(inherited) @executable_path/../Frameworks @loader_path/../Frameworks";
				PRODUCT_BUNDLE_IDENTIFIER = com.syswinPush.TOON.enterprise.ServiceAppUITests;
				PRODUCT_NAME = "$(TARGET_NAME)";
				TEST_TARGET_NAME = ServiceApp;
			};
			name = Release;
		};
/* End XCBuildConfiguration section */

/* Begin XCConfigurationList section */
		2F8807331E56A0E20029FB4B /* Build configuration list for PBXProject "ServiceApp" */ = {
			isa = XCConfigurationList;
			buildConfigurations = (
				2F88075D1E56A0E30029FB4B /* Debug */,
				2F88075E1E56A0E30029FB4B /* Release */,
			);
			defaultConfigurationIsVisible = 0;
			defaultConfigurationName = Release;
		};
		2F88075F1E56A0E30029FB4B /* Build configuration list for PBXNativeTarget "ServiceApp" */ = {
			isa = XCConfigurationList;
			buildConfigurations = (
				2F8807601E56A0E30029FB4B /* Debug */,
				2F8807611E56A0E30029FB4B /* Release */,
			);
			defaultConfigurationIsVisible = 0;
			defaultConfigurationName = Release;
		};
		2F8807621E56A0E30029FB4B /* Build configuration list for PBXNativeTarget "ServiceAppTests" */ = {
			isa = XCConfigurationList;
			buildConfigurations = (
				2F8807631E56A0E30029FB4B /* Debug */,
				2F8807641E56A0E30029FB4B /* Release */,
			);
			defaultConfigurationIsVisible = 0;
			defaultConfigurationName = Release;
		};
		2F8807651E56A0E30029FB4B /* Build configuration list for PBXNativeTarget "ServiceAppUITests" */ = {
			isa = XCConfigurationList;
			buildConfigurations = (
				2F8807661E56A0E30029FB4B /* Debug */,
				2F8807671E56A0E30029FB4B /* Release */,
			);
			defaultConfigurationIsVisible = 0;
			defaultConfigurationName = Release;
		};
/* End XCConfigurationList section */
	};
	rootObject = 2F8807301E56A0E20029FB4B /* Project object */;
}
